{
  "name": "@meri-imperiumi/signalk-status-tiles",
  "version": "0.6.2",
  "lockfileVersion": 3,
  "requires": true,
  "packages": {
    "": {
      "name": "@meri-imperiumi/signalk-status-tiles",
      "version": "0.6.2",
      "license": "EUPL-1.2",
      "devDependencies": {
        "@signalk/server-api": "^2.30.0"
      },
      "engines": {
        "node": ">=22.0.0"
      }
    },
    "node_modules/@js-temporal/polyfill": {
      "version": "0.5.1",
      "resolved": "https://registry.npmjs.org/@js-temporal/polyfill/-/polyfill-0.5.1.tgz",
      "integrity": "sha512-hloP58zRVCRSpgDxmqCWJNlizAlUgJFqG2ypq79DCvyv9tHjRYMDOcPFjzfl/A1/YxDvRCZz8wvZvmapQnKwFQ==",
      "dev": true,
      "license": "ISC",
      "dependencies": {
        "jsbi": "^4.3.0"
      },
      "engines": {
        "node": ">=12"
      }
    },
    "node_modules/@signalk/path-metadata": {
      "version": "1.0.1",
      "resolved": "https://registry.npmjs.org/@signalk/path-metadata/-/path-metadata-1.0.1.tgz",
      "integrity": "sha512-5ih3edDBK1dR2WD90OTqxoKMDpqBL99vVCcDe/0gw5fGTMaQESFinPWw2S9JTZ3qDPOJEGwNM8yYgqbiwhYfww==",
      "dev": true,
      "license": "Apache-2.0"
    },
    "node_modules/@signalk/server-api": {
      "version": "2.31.1",
      "resolved": "https://registry.npmjs.org/@signalk/server-api/-/server-api-2.31.1.tgz",
      "integrity": "sha512-4nJ920vilKNnsZcGzT14GJfTkifPk+aWzXmVGEKDaYTCW5qzp425xWzYbeHAQ3/mtgy/aF3BLuXA3ElBPeNe2g==",
      "dev": true,
      "license": "Apache-2.0",
      "dependencies": {
        "@js-temporal/polyfill": "^0.5.1",
        "@signalk/path-metadata": "^1.0.1",
        "@sinclair/typebox": "^0.34.49",
        "baconjs": "^3.0.23"
      }
    },
    "node_modules/@sinclair/typebox": {
      "version": "0.34.52",
      "resolved": "https://registry.npmjs.org/@sinclair/typebox/-/typebox-0.34.52.tgz",
      "integrity": "sha512-XiMQh7qqVlxZzcVD+kkGMNGMzcTrDMLWI7S4x7z1MkCkbDPrekpZXEUK0eZqZFMuHQg2a2DZOcDIh9o5v3Gonw==",
      "dev": true,
      "license": "MIT"
    },
    "node_modules/baconjs": {
      "version": "3.0.23",
      "resolved": "https://registry.npmjs.org/baconjs/-/baconjs-3.0.23.tgz",
      "integrity": "sha512-Yzm9KTwEw9DhXuE47We0kwhBOkMa5BH2vrOQ8A/SGr8uAH3lDCbTSr0iU0G5irkRQDW/v+jDSMP77geV99U9dw==",
      "dev": true,
      "license": "MIT"
    },
    "node_modules/jsbi": {
      "version": "4.3.2",
      "resolved": "https://registry.npmjs.org/jsbi/-/jsbi-4.3.2.tgz",
      "integrity": "sha512-9fqMSQbhJykSeii05nxKl4m6Eqn2P6rOlYiS+C5Dr/HPIU/7yZxu5qzbs40tgaFORiw2Amd0mirjxatXYMkIew==",
      "dev": true,
      "license": "Apache-2.0"
    }
  }
}
